{
  "version": 4,
  "terraform_version": "1.1.9",
  "serial": 104,
  "lineage": "b19dbc42-6d5f-7f2f-42f4-2232bd2e9e99",
  "outputs": {},
  "resources": [
    {
      "mode": "managed",
      "type": "yandex_compute_instance",
      "name": "node01",
      "provider": "provider[\"registry.terraform.io/yandex-cloud/yandex\"]",
      "instances": [
        {
          "schema_version": 1,
          "attributes": {
            "allow_recreate": null,
            "allow_stopping_for_update": true,
            "boot_disk": [
              {
                "auto_delete": true,
                "device_name": "fhm2lsmrmabni71s1fcm",
                "disk_id": "fhm2lsmrmabni71s1fcm",
                "initialize_params": [
                  {
                    "block_size": 4096,
                    "description": "",
                    "image_id": "fd8f0ses6oiti2bp78mr",
                    "name": "root-node01",
                    "size": 30,
                    "snapshot_id": "",
                    "type": "network-ssd"
                  }
                ],
                "mode": "READ_WRITE"
              }
            ],
            "created_at": "2022-05-29T15:23:50Z",
            "description": "",
            "folder_id": "b1gophv54t8lthp7gghu",
            "fqdn": "node01.netology.cloud",
            "hostname": "node01",
            "id": "fhmvtufnmae4gott8h23",
            "labels": null,
            "metadata": {
              "ssh-keys": "centos:ssh-rsa AAAAB3NzaC1yc2EAAAADAQABAAABgQCddKiy4FM0Keml71ow7Huo7xjQ0bB41xOH0mmmg1U9IlkctBrX8UeY3sKiNFKayua+sm433E9IhhxD544+FjO4++aKJUxFPx1MeHJ925BtQtpHNuu7lAh4gqRsuhXYjhvyn/Q3APGTqPaNdd/o8/UC4lBuI/mzQB2OencJn3R669atOsr32RbdXgBB2rGb8qZoGf7NnmdMFglWFwreTsyxxHNtxHnO06Shy+GOJ265N1MHK2gHPFOEQwjrr9JBKqj4En7HcEVeFLiwlnyAcBbao0rbc39g67p59EmpztrTA4pHwwSXZkX+WsP18kaGw5DnnAr1lQvZRyafnv4u7zM1wy4ZpqxZxMXP1VjuUYmw6X998oNrEW7gAXi7vWz1bnzDkNMtb+d+Cz/+lYex0uwEdN7oDJWZ+hiEaDh9DiQ3LQUJKe0FYPzgMG5S7AbSoaM9ImPPsDHDh9pjRt/7/7+zMFUDUkbCSmIbijcX1dj1Bb+1nnPeSV57lexkGeILHw8= user@DESKTOP-KCS3IDD\n"
            },
            "name": "node01",
            "network_acceleration_type": "standard",
            "network_interface": [
              {
                "dns_record": [],
                "index": 0,
                "ip_address": "192.168.101.11",
                "ipv4": true,
                "ipv6": false,
                "ipv6_address": "",
                "ipv6_dns_record": [],
                "mac_address": "d0:0d:1f:ef:9f:7b",
                "nat": true,
                "nat_dns_record": [],
                "nat_ip_address": "51.250.83.196",
                "nat_ip_version": "IPV4",
                "security_group_ids": [],
                "subnet_id": "e9b7k0s9ouf7rds9s8qk"
              }
            ],
            "placement_policy": [
              {
                "host_affinity_rules": [],
                "placement_group_id": ""
              }
            ],
            "platform_id": "standard-v1",
            "resources": [
              {
                "core_fraction": 100,
                "cores": 8,
                "gpus": 0,
                "memory": 8
              }
            ],
            "scheduling_policy": [
              {
                "preemptible": false
              }
            ],
            "secondary_disk": [],
            "service_account_id": "",
            "status": "running",
            "timeouts": null,
            "zone": "ru-central1-a"
          },
          "sensitive_attributes": [],
          "private": "eyJlMmJmYjczMC1lY2FhLTExZTYtOGY4OC0zNDM2M2JjN2M0YzAiOnsiY3JlYXRlIjozMDAwMDAwMDAwMDAsImRlbGV0ZSI6MzAwMDAwMDAwMDAwLCJ1cGRhdGUiOjMwMDAwMDAwMDAwMH0sInNjaGVtYV92ZXJzaW9uIjoiMSJ9",
          "dependencies": [
            "yandex_vpc_network.default",
            "yandex_vpc_subnet.default"
          ]
        }
      ]
    },
    {
      "mode": "managed",
      "type": "yandex_compute_instance",
      "name": "node02",
      "provider": "provider[\"registry.terraform.io/yandex-cloud/yandex\"]",
      "instances": [
        {
          "schema_version": 1,
          "attributes": {
            "allow_recreate": null,
            "allow_stopping_for_update": true,
            "boot_disk": [
              {
                "auto_delete": true,
                "device_name": "fhmgb95uiv9tbjmd3cci",
                "disk_id": "fhmgb95uiv9tbjmd3cci",
                "initialize_params": [
                  {
                    "block_size": 4096,
                    "description": "",
                    "image_id": "fd8f0ses6oiti2bp78mr",
                    "name": "root-node02",
                    "size": 20,
                    "snapshot_id": "",
                    "type": "network-ssd"
                  }
                ],
                "mode": "READ_WRITE"
              }
            ],
            "created_at": "2022-05-29T15:23:50Z",
            "description": "",
            "folder_id": "b1gophv54t8lthp7gghu",
            "fqdn": "node02.netology.cloud",
            "hostname": "node02",
            "id": "fhm3fmumrljjctifl2gd",
            "labels": null,
            "metadata": {
              "ssh-keys": "centos:ssh-rsa AAAAB3NzaC1yc2EAAAADAQABAAABgQCddKiy4FM0Keml71ow7Huo7xjQ0bB41xOH0mmmg1U9IlkctBrX8UeY3sKiNFKayua+sm433E9IhhxD544+FjO4++aKJUxFPx1MeHJ925BtQtpHNuu7lAh4gqRsuhXYjhvyn/Q3APGTqPaNdd/o8/UC4lBuI/mzQB2OencJn3R669atOsr32RbdXgBB2rGb8qZoGf7NnmdMFglWFwreTsyxxHNtxHnO06Shy+GOJ265N1MHK2gHPFOEQwjrr9JBKqj4En7HcEVeFLiwlnyAcBbao0rbc39g67p59EmpztrTA4pHwwSXZkX+WsP18kaGw5DnnAr1lQvZRyafnv4u7zM1wy4ZpqxZxMXP1VjuUYmw6X998oNrEW7gAXi7vWz1bnzDkNMtb+d+Cz/+lYex0uwEdN7oDJWZ+hiEaDh9DiQ3LQUJKe0FYPzgMG5S7AbSoaM9ImPPsDHDh9pjRt/7/7+zMFUDUkbCSmIbijcX1dj1Bb+1nnPeSV57lexkGeILHw8= user@DESKTOP-KCS3IDD\n"
            },
            "name": "node02",
            "network_acceleration_type": "standard",
            "network_interface": [
              {
                "dns_record": [],
                "index": 0,
                "ip_address": "192.168.101.12",
                "ipv4": true,
                "ipv6": false,
                "ipv6_address": "",
                "ipv6_dns_record": [],
                "mac_address": "d0:0d:37:db:d6:dd",
                "nat": true,
                "nat_dns_record": [],
                "nat_ip_address": "51.250.68.255",
                "nat_ip_version": "IPV4",
                "security_group_ids": [],
                "subnet_id": "e9b7k0s9ouf7rds9s8qk"
              }
            ],
            "placement_policy": [
              {
                "host_affinity_rules": [],
                "placement_group_id": ""
              }
            ],
            "platform_id": "standard-v1",
            "resources": [
              {
                "core_fraction": 100,
                "cores": 8,
                "gpus": 0,
                "memory": 8
              }
            ],
            "scheduling_policy": [
              {
                "preemptible": false
              }
            ],
            "secondary_disk": [],
            "service_account_id": "",
            "status": "running",
            "timeouts": null,
            "zone": "ru-central1-a"
          },
          "sensitive_attributes": [],
          "private": "eyJlMmJmYjczMC1lY2FhLTExZTYtOGY4OC0zNDM2M2JjN2M0YzAiOnsiY3JlYXRlIjozMDAwMDAwMDAwMDAsImRlbGV0ZSI6MzAwMDAwMDAwMDAwLCJ1cGRhdGUiOjMwMDAwMDAwMDAwMH0sInNjaGVtYV92ZXJzaW9uIjoiMSJ9",
          "dependencies": [
            "yandex_vpc_network.default",
            "yandex_vpc_subnet.default"
          ]
        }
      ]
    },
    {
      "mode": "managed",
      "type": "yandex_vpc_network",
      "name": "default",
      "provider": "provider[\"registry.terraform.io/yandex-cloud/yandex\"]",
      "instances": [
        {
          "schema_version": 0,
          "attributes": {
            "created_at": "2022-05-29T15:23:47Z",
            "default_security_group_id": "",
            "description": "",
            "folder_id": "b1gophv54t8lthp7gghu",
            "id": "enpc0o74r50afkk5584u",
            "labels": {},
            "name": "net",
            "subnet_ids": [],
            "timeouts": null
          },
          "sensitive_attributes": [],
          "private": "eyJlMmJmYjczMC1lY2FhLTExZTYtOGY4OC0zNDM2M2JjN2M0YzAiOnsiY3JlYXRlIjo2MDAwMDAwMDAwMCwiZGVsZXRlIjo2MDAwMDAwMDAwMCwidXBkYXRlIjo2MDAwMDAwMDAwMH19"
        }
      ]
    },
    {
      "mode": "managed",
      "type": "yandex_vpc_subnet",
      "name": "default",
      "provider": "provider[\"registry.terraform.io/yandex-cloud/yandex\"]",
      "instances": [
        {
          "schema_version": 0,
          "attributes": {
            "created_at": "2022-05-29T15:23:48Z",
            "description": "",
            "dhcp_options": [],
            "folder_id": "b1gophv54t8lthp7gghu",
            "id": "e9b7k0s9ouf7rds9s8qk",
            "labels": {},
            "name": "subnet",
            "network_id": "enpc0o74r50afkk5584u",
            "route_table_id": "",
            "timeouts": null,
            "v4_cidr_blocks": [
              "192.168.101.0/24"
            ],
            "v6_cidr_blocks": [],
            "zone": "ru-central1-a"
          },
          "sensitive_attributes": [],
          "private": "eyJlMmJmYjczMC1lY2FhLTExZTYtOGY4OC0zNDM2M2JjN2M0YzAiOnsiY3JlYXRlIjoxODAwMDAwMDAwMDAsImRlbGV0ZSI6MTgwMDAwMDAwMDAwLCJ1cGRhdGUiOjE4MDAwMDAwMDAwMH19",
          "dependencies": [
            "yandex_vpc_network.default"
          ]
        }
      ]
    }
  ]
}
